{
  "name": "oknode",
  "version": "1.0.0",
  "lockfileVersion": 1,
  "requires": true,
  "dependencies": {
    "acorn": {
      "version": "7.1.1",
      "resolved": "https://registry.npmjs.org/acorn/-/acorn-7.1.1.tgz",
      "integrity": "sha512-add7dgA5ppRPxCFJoAGfMDi7PIBXq1RtGo7BhbLaxwrXPOmw8gq48Y9ozT01hUKy9byMjlR20EJhu5zlkErEkg=="
    },
    "flattenkeys": {
      "version": "1.0.0",
      "resolved": "https://registry.npmjs.org/flattenkeys/-/flattenkeys-1.0.0.tgz",
      "integrity": "sha512-OkuvG35g1dp5sEeuVjBLoM6ciayVB3KnnpzTCLu6nZNVy+vvCQ3XFnTTQ1D2ZbReazczxYKLxhY3CS72St3dIQ=="
    },
    "flattenvalues": {
      "version": "1.0.0",
      "resolved": "https://registry.npmjs.org/flattenvalues/-/flattenvalues-1.0.0.tgz",
      "integrity": "sha512-/HzoGC8FV1taknTaWJWlxEBxK1mHhjSSn6lbDX6NF80fnlXqOn3MJIHnEOX3nLAX5xr8CuLqLfsaeBH7qMl0dw==",
      "requires": {
        "flattenkeys": "^1.0.0"
      }
    },
    "fs-extra": {
      "version": "7.0.1",
      "resolved": "https://registry.npmjs.org/fs-extra/-/fs-extra-7.0.1.tgz",
      "integrity": "sha512-YJDaCJZEnBmcbw13fvdAM9AwNOJwOzrE4pqMqBq5nFiEqXUqHwlK4B+3pUw6JNvfSPtX05xFHtYy/1ni01eGCw==",
      "requires": {
        "graceful-fs": "^4.1.2",
        "jsonfile": "^4.0.0",
        "universalify": "^0.1.0"
      }
    },
    "graceful-fs": {
      "version": "4.1.15",
      "resolved": "https://registry.npmjs.org/graceful-fs/-/graceful-fs-4.1.15.tgz",
      "integrity": "sha512-6uHUhOPEBgQ24HM+r6b/QwWfZq+yiFcipKFrOFiBEnWdy5sdzYoi+pJeQaPI5qOLRFqWmAXUPQNsielzdLoecA=="
    },
    "jsonfile": {
      "version": "4.0.0",
      "resolved": "https://registry.npmjs.org/jsonfile/-/jsonfile-4.0.0.tgz",
      "integrity": "sha1-h3Gq4HmbZAdrdmQPygWPnBDjPss=",
      "requires": {
        "graceful-fs": "^4.1.6"
      }
    },
    "node-path-choice": {
      "version": "2.0.0",
      "resolved": "https://registry.npmjs.org/node-path-choice/-/node-path-choice-2.0.0.tgz",
      "integrity": "sha512-WGjxhDrsTWSATbIbCR+L828EFewKx5vIB608NBUdpLsk6lSU3ZF7BjDdjOo8ATrh+4NAQkzmgycVEy5pOKmFhw=="
    },
    "parse-package": {
      "version": "3.0.1",
      "resolved": "https://registry.npmjs.org/parse-package/-/parse-package-3.0.1.tgz",
      "integrity": "sha512-91VLTJ7Dmug+zpthlVVvph8jhhxRkADHjO4bxdWtWXUA3wfun4RrCETOZGXWCDWYul9UqhBXO5WhX7Dv6NExgA==",
      "requires": {
        "flattenkeys": "^1.0.0",
        "flattenvalues": "^1.0.0",
        "node-path-choice": "^2.0.0",
        "truekeys": "^2.0.0"
      }
    },
    "ramda": {
      "version": "0.27.0",
      "resolved": "https://registry.npmjs.org/ramda/-/ramda-0.27.0.tgz",
      "integrity": "sha512-pVzZdDpWwWqEVVLshWUHjNwuVP7SfcmPraYuqocJp1yo2U1R7P+5QAfDhdItkuoGqIBnBYrtPp7rEPqDn9HlZA=="
    },
    "truekeys": {
      "version": "2.0.0",
      "resolved": "https://registry.npmjs.org/truekeys/-/truekeys-2.0.0.tgz",
      "integrity": "sha512-4Xy3G0bkr+biHfwWwHf+M6hd2505s7t3FurlM6P7J1V+5ngsBRYM2JvsagOWAbKSKCLD2sTqGcf8gVOu26BVXQ=="
    },
    "underscore": {
      "version": "1.9.1",
      "resolved": "https://registry.npmjs.org/underscore/-/underscore-1.9.1.tgz",
      "integrity": "sha512-5/4etnCkd9c8gwgowi5/om/mYO5ajCaOgdzj/oW+0eQV9WxKBDZw5+ycmKmeaTXjInS/W0BzpGLo2xR2aBwZdg=="
    },
    "universalify": {
      "version": "0.1.2",
      "resolved": "https://registry.npmjs.org/universalify/-/universalify-0.1.2.tgz",
      "integrity": "sha512-rBJeI5CXAlmy1pV+617WB9J63U6XcazHHF2f2dbJix4XzpUF0RS3Zbj0FGIOCAva5P/d/GBOYaACQ1w+0azUkg=="
    }
  }
}
